
Microsoft Visual Studio Solution File, Format Version 12.00
# Visual Studio Version 17
VisualStudioVersion = 17.9.34701.34
MinimumVisualStudioVersion = 10.0.40219.1
Project("{9A19103F-16F7-4668-BE54-9A1E7A4F7556}") = "BaiTh", "BaiTh\BaiTh.csproj", "{AE360D61-6C1C-4002-9AB3-6FE3E1C6D971}"
EndProject
Global
	GlobalSection(SolutionConfigurationPlatforms) = preSolution
		Debug|Any CPU = Debug|Any CPU
		Release|Any CPU = Release|Any CPU
	EndGlobalSection
	GlobalSection(ProjectConfigurationPlatforms) = postSolution
		{AE360D61-6C1C-4002-9AB3-6FE3E1C6D971}.Debug|Any CPU.ActiveCfg = Debug|Any CPU
		{AE360D61-6C1C-4002-9AB3-6FE3E1C6D971}.Debug|Any CPU.Build.0 = Debug|Any CPU
		{AE360D61-6C1C-4002-9AB3-6FE3E1C6D971}.Release|Any CPU.ActiveCfg = Release|Any CPU
		{AE360D61-6C1C-4002-9AB3-6FE3E1C6D971}.Release|Any CPU.Build.0 = Release|Any CPU
	EndGlobalSection
	GlobalSection(SolutionProperties) = preSolution
		HideSolutionNode = FALSE
	EndGlobalSection
	GlobalSection(ExtensibilityGlobals) = postSolution
		SolutionGuid = {5585EEC5-7FC1-46EE-BF21-716CF73C650C}
	EndGlobalSection
EndGlobal
